<?xml version="1.0" encoding="utf-8"?>
<Project ToolsVersion="4.0" xmlns="http://schemas.microsoft.com/developer/msbuild/2003">
  <ItemGroup>
    <Filter Include="Source Files">
      <UniqueIdentifier>{4FC737F1-C7A5-4376-A066-2A32D752A2FF}</UniqueIdentifier>
      <Extensions>cpp;c;cc;cxx;c++;cppm;ixx;def;odl;idl;hpj;bat;asm;asmx</Extensions>
    </Filter>
    <Filter Include="Header Files">
      <UniqueIdentifier>{93995380-89BD-4b04-88EB-625FBE52EBFB}</UniqueIdentifier>
      <Extensions>h;hh;hpp;hxx;h++;hm;inl;inc;ipp;xsd</Extensions>
    </Filter>
    <Filter Include="Header Files\constants">
      <UniqueIdentifier>{c0c25b83-c418-4800-9c3f-8fc598bfc613}</UniqueIdentifier>
    </Filter>
    <Filter Include="Header Files\inlines">
      <UniqueIdentifier>{938ca956-6e8f-4773-bcfd-1c623cb6082e}</UniqueIdentifier>
    </Filter>
    <Filter Include="Header Files\templates">
      <UniqueIdentifier>{498add8c-3d74-4b5d-a76c-0b1a2094f12e}</UniqueIdentifier>
    </Filter>
    <Filter Include="Header Files\types">
      <UniqueIdentifier>{c9255c7f-d094-4ae4-a6bc-5601fb7ca450}</UniqueIdentifier>
    </Filter>
    <Filter Include="Source Files\animates">
      <UniqueIdentifier>{1398b943-616f-4edd-bba1-d46dee4d875f}</UniqueIdentifier>
    </Filter>
  </ItemGroup>
  <ItemGroup>
    <None Include="README.md" />
  </ItemGroup>
  <ItemGroup>
    <ClInclude Include="include\r136.h">
      <Filter>Header Files</Filter>
    </ClInclude>
    <ClInclude Include="include\main.h">
      <Filter>Header Files</Filter>
    </ClInclude>
    <ClInclude Include="include\act.h">
      <Filter>Header Files</Filter>
    </ClInclude>
    <ClInclude Include="include\console.h">
      <Filter>Header Files</Filter>
    </ClInclude>
    <ClInclude Include="include\init.h">
      <Filter>Header Files</Filter>
    </ClInclude>
    <ClInclude Include="include\status.h">
      <Filter>Header Files</Filter>
    </ClInclude>
    <ClInclude Include="include\constants\r136.h">
      <Filter>Header Files\constants</Filter>
    </ClInclude>
    <ClInclude Include="include\inlines\console.h">
      <Filter>Header Files\inlines</Filter>
    </ClInclude>
    <ClInclude Include="include\inlines\r136.h">
      <Filter>Header Files\inlines</Filter>
    </ClInclude>
    <ClInclude Include="include\types\console.h">
      <Filter>Header Files\types</Filter>
    </ClInclude>
    <ClInclude Include="include\types\r136.h">
      <Filter>Header Files\types</Filter>
    </ClInclude>
    <ClInclude Include="include\templates\r136.h">
      <Filter>Header Files\templates</Filter>
    </ClInclude>
    <ClInclude Include="include\types\animates.h">
      <Filter>Header Files\types</Filter>
    </ClInclude>
    <ClInclude Include="include\animates.h">
      <Filter>Header Files</Filter>
    </ClInclude>
  </ItemGroup>
  <ItemGroup>
    <ClCompile Include="src\console.cpp">
      <Filter>Source Files</Filter>
    </ClCompile>
    <ClCompile Include="src\init.cpp">
      <Filter>Source Files</Filter>
    </ClCompile>
    <ClCompile Include="src\intro.cpp">
      <Filter>Source Files</Filter>
    </ClCompile>
    <ClCompile Include="src\loadsave.cpp">
      <Filter>Source Files</Filter>
    </ClCompile>
    <ClCompile Include="src\random.cpp">
      <Filter>Source Files</Filter>
    </ClCompile>
    <ClCompile Include="src\status.cpp">
      <Filter>Source Files</Filter>
    </ClCompile>
    <ClCompile Include="src\act.cpp">
      <Filter>Source Files</Filter>
    </ClCompile>
    <ClCompile Include="main.cpp">
      <Filter>Source Files</Filter>
    </ClCompile>
    <ClCompile Include="src\r136.cpp">
      <Filter>Source Files</Filter>
    </ClCompile>
    <ClCompile Include="src\animates\barbecue.cpp">
      <Filter>Source Files\animates</Filter>
    </ClCompile>
    <ClCompile Include="src\animates\computer.cpp">
      <Filter>Source Files\animates</Filter>
    </ClCompile>
    <ClCompile Include="src\animates\door.cpp">
      <Filter>Source Files\animates</Filter>
    </ClCompile>
    <ClCompile Include="src\animates\dragon.cpp">
      <Filter>Source Files\animates</Filter>
    </ClCompile>
    <ClCompile Include="src\animates\dragonhead.cpp">
      <Filter>Source Files\animates</Filter>
    </ClCompile>
    <ClCompile Include="src\animates\gnu.cpp">
      <Filter>Source Files\animates</Filter>
    </ClCompile>
    <ClCompile Include="src\animates\greencrystal.cpp">
      <Filter>Source Files\animates</Filter>
    </ClCompile>
    <ClCompile Include="src\animates\hatch.cpp">
      <Filter>Source Files\animates</Filter>
    </ClCompile>
    <ClCompile Include="src\animates\hellhound.cpp">
      <Filter>Source Files\animates</Filter>
    </ClCompile>
    <ClCompile Include="src\animates\lava.cpp">
      <Filter>Source Files\animates</Filter>
    </ClCompile>
    <ClCompile Include="src\animates\mist.cpp">
      <Filter>Source Files\animates</Filter>
    </ClCompile>
    <ClCompile Include="src\animates\plant.cpp">
      <Filter>Source Files\animates</Filter>
    </ClCompile>
    <ClCompile Include="src\animates\redtroll.cpp">
      <Filter>Source Files\animates</Filter>
    </ClCompile>
    <ClCompile Include="src\animates\swamp.cpp">
      <Filter>Source Files\animates</Filter>
    </ClCompile>
    <ClCompile Include="src\animates\swelling.cpp">
      <Filter>Source Files\animates</Filter>
    </ClCompile>
    <ClCompile Include="src\animates\teleporter.cpp">
      <Filter>Source Files\animates</Filter>
    </ClCompile>
    <ClCompile Include="src\animates\tree.cpp">
      <Filter>Source Files\animates</Filter>
    </ClCompile>
    <ClCompile Include="src\animates\vacuum.cpp">
      <Filter>Source Files\animates</Filter>
    </ClCompile>
    <ClCompile Include="src\animates\voices.cpp">
      <Filter>Source Files\animates</Filter>
    </ClCompile>
  </ItemGroup>
  <ItemGroup>
    <Text Include="CMakeLists.txt" />
    <Text Include="src\CMakeLists.txt">
      <Filter>Source Files</Filter>
    </Text>
    <Text Include="src\animates\CMakeLists.txt">
      <Filter>Source Files\animates</Filter>
    </Text>
  </ItemGroup>
</Project>